// !$*UTF8*$!
{
	archiveVersion = 1;
	classes = {
	};
	objectVersion = 51;
	objects = {

/* Begin PBXBuildFile section */
		973FED2BE715CD11C39C8CA4 /* Pods_simpleMemo.framework in Frameworks */ = {isa = PBXBuildFile; fileRef = CCC1AD982457D3759C6DEA87 /* Pods_simpleMemo.framework */; };
		DAB6EA6C24ED3F3A00A1EA90 /* AppDelegate.swift in Sources */ = {isa = PBXBuildFile; fileRef = DAB6EA6B24ED3F3A00A1EA90 /* AppDelegate.swift */; };
		DAB6EA6E24ED3F3A00A1EA90 /* SceneDelegate.swift in Sources */ = {isa = PBXBuildFile; fileRef = DAB6EA6D24ED3F3A00A1EA90 /* SceneDelegate.swift */; };
		DAB6EA7324ED3F3A00A1EA90 /* Main.storyboard in Resources */ = {isa = PBXBuildFile; fileRef = DAB6EA7124ED3F3A00A1EA90 /* Main.storyboard */; };
		DAB6EA7524ED3F3D00A1EA90 /* Assets.xcassets in Resources */ = {isa = PBXBuildFile; fileRef = DAB6EA7424ED3F3D00A1EA90 /* Assets.xcassets */; };
		DAB6EA7824ED3F3D00A1EA90 /* LaunchScreen.storyboard in Resources */ = {isa = PBXBuildFile; fileRef = DAB6EA7624ED3F3D00A1EA90 /* LaunchScreen.storyboard */; };
		DAB6EA8524ED41C700A1EA90 /* Memo.swift in Sources */ = {isa = PBXBuildFile; fileRef = DAB6EA8424ED41C700A1EA90 /* Memo.swift */; };
		DAB6EA8724ED42E800A1EA90 /* MemoStrorageType.swift in Sources */ = {isa = PBXBuildFile; fileRef = DAB6EA8624ED42E800A1EA90 /* MemoStrorageType.swift */; };
		DAB6EA8B24ED452800A1EA90 /* MemoryStorage.swift in Sources */ = {isa = PBXBuildFile; fileRef = DAB6EA8A24ED452800A1EA90 /* MemoryStorage.swift */; };
		DAB6EA8D24ED4BFE00A1EA90 /* MemoListViewController.swift in Sources */ = {isa = PBXBuildFile; fileRef = DAB6EA8C24ED4BFE00A1EA90 /* MemoListViewController.swift */; };
		DAB6EA8F24ED4C2E00A1EA90 /* MemoDetailViewController.swift in Sources */ = {isa = PBXBuildFile; fileRef = DAB6EA8E24ED4C2E00A1EA90 /* MemoDetailViewController.swift */; };
		DAB6EA9124ED4C5200A1EA90 /* MomoComposeViewController.swift in Sources */ = {isa = PBXBuildFile; fileRef = DAB6EA9024ED4C5200A1EA90 /* MomoComposeViewController.swift */; };
		DAB6EA9324ED4C9300A1EA90 /* MemoListViewModel.swift in Sources */ = {isa = PBXBuildFile; fileRef = DAB6EA9224ED4C9300A1EA90 /* MemoListViewModel.swift */; };
		DAB6EA9524ED4CC500A1EA90 /* MemoDetailViewModel.swift in Sources */ = {isa = PBXBuildFile; fileRef = DAB6EA9424ED4CC500A1EA90 /* MemoDetailViewModel.swift */; };
		DAB6EA9724ED4CDC00A1EA90 /* MemoComposeViewModel.swift in Sources */ = {isa = PBXBuildFile; fileRef = DAB6EA9624ED4CDC00A1EA90 /* MemoComposeViewModel.swift */; };
		DAB6EA9924ED4D2300A1EA90 /* ViewModelBindableType.swift in Sources */ = {isa = PBXBuildFile; fileRef = DAB6EA9824ED4D2300A1EA90 /* ViewModelBindableType.swift */; };
		DAB6EA9B24ED4F5B00A1EA90 /* TransitionModel.swift in Sources */ = {isa = PBXBuildFile; fileRef = DAB6EA9A24ED4F5B00A1EA90 /* TransitionModel.swift */; };
		DAB6EA9D24ED4FBC00A1EA90 /* Scene.swift in Sources */ = {isa = PBXBuildFile; fileRef = DAB6EA9C24ED4FBC00A1EA90 /* Scene.swift */; };
		DAB6EA9F24ED52BB00A1EA90 /* SceneCoordinatorType.swift in Sources */ = {isa = PBXBuildFile; fileRef = DAB6EA9E24ED52BB00A1EA90 /* SceneCoordinatorType.swift */; };
		DAB6EAA124ED536F00A1EA90 /* SceneCoordinator.swift in Sources */ = {isa = PBXBuildFile; fileRef = DAB6EAA024ED536F00A1EA90 /* SceneCoordinator.swift */; };
		DAB6EAA324ED57A600A1EA90 /* CommonViewModel.swift in Sources */ = {isa = PBXBuildFile; fileRef = DAB6EAA224ED57A600A1EA90 /* CommonViewModel.swift */; };
		DAB6EAA524EE212700A1EA90 /* TableViewCell.swift in Sources */ = {isa = PBXBuildFile; fileRef = DAB6EAA424EE212700A1EA90 /* TableViewCell.swift */; };
/* End PBXBuildFile section */

/* Begin PBXFileReference section */
		3807C3BEE88F8D21F8352A9E /* Pods-simpleMemo.debug.xcconfig */ = {isa = PBXFileReference; includeInIndex = 1; lastKnownFileType = text.xcconfig; name = "Pods-simpleMemo.debug.xcconfig"; path = "Target Support Files/Pods-simpleMemo/Pods-simpleMemo.debug.xcconfig"; sourceTree = "<group>"; };
		AA6E956CEC58FA18661868A6 /* Pods-simpleMemo.release.xcconfig */ = {isa = PBXFileReference; includeInIndex = 1; lastKnownFileType = text.xcconfig; name = "Pods-simpleMemo.release.xcconfig"; path = "Target Support Files/Pods-simpleMemo/Pods-simpleMemo.release.xcconfig"; sourceTree = "<group>"; };
		CCC1AD982457D3759C6DEA87 /* Pods_simpleMemo.framework */ = {isa = PBXFileReference; explicitFileType = wrapper.framework; includeInIndex = 0; path = Pods_simpleMemo.framework; sourceTree = BUILT_PRODUCTS_DIR; };
		DAB6EA6824ED3F3A00A1EA90 /* simpleMemo.app */ = {isa = PBXFileReference; explicitFileType = wrapper.application; includeInIndex = 0; path = simpleMemo.app; sourceTree = BUILT_PRODUCTS_DIR; };
		DAB6EA6B24ED3F3A00A1EA90 /* AppDelegate.swift */ = {isa = PBXFileReference; lastKnownFileType = sourcecode.swift; path = AppDelegate.swift; sourceTree = "<group>"; };
		DAB6EA6D24ED3F3A00A1EA90 /* SceneDelegate.swift */ = {isa = PBXFileReference; lastKnownFileType = sourcecode.swift; path = SceneDelegate.swift; sourceTree = "<group>"; };
		DAB6EA7224ED3F3A00A1EA90 /* Base */ = {isa = PBXFileReference; lastKnownFileType = file.storyboard; name = Base; path = Base.lproj/Main.storyboard; sourceTree = "<group>"; };
		DAB6EA7424ED3F3D00A1EA90 /* Assets.xcassets */ = {isa = PBXFileReference; lastKnownFileType = folder.assetcatalog; path = Assets.xcassets; sourceTree = "<group>"; };
		DAB6EA7724ED3F3D00A1EA90 /* Base */ = {isa = PBXFileReference; lastKnownFileType = file.storyboard; name = Base; path = Base.lproj/LaunchScreen.storyboard; sourceTree = "<group>"; };
		DAB6EA7924ED3F3D00A1EA90 /* Info.plist */ = {isa = PBXFileReference; lastKnownFileType = text.plist.xml; path = Info.plist; sourceTree = "<group>"; };
		DAB6EA8424ED41C700A1EA90 /* Memo.swift */ = {isa = PBXFileReference; lastKnownFileType = sourcecode.swift; path = Memo.swift; sourceTree = "<group>"; };
		DAB6EA8624ED42E800A1EA90 /* MemoStrorageType.swift */ = {isa = PBXFileReference; lastKnownFileType = sourcecode.swift; path = MemoStrorageType.swift; sourceTree = "<group>"; };
		DAB6EA8A24ED452800A1EA90 /* MemoryStorage.swift */ = {isa = PBXFileReference; lastKnownFileType = sourcecode.swift; path = MemoryStorage.swift; sourceTree = "<group>"; };
		DAB6EA8C24ED4BFE00A1EA90 /* MemoListViewController.swift */ = {isa = PBXFileReference; lastKnownFileType = sourcecode.swift; path = MemoListViewController.swift; sourceTree = "<group>"; };
		DAB6EA8E24ED4C2E00A1EA90 /* MemoDetailViewController.swift */ = {isa = PBXFileReference; lastKnownFileType = sourcecode.swift; path = MemoDetailViewController.swift; sourceTree = "<group>"; };
		DAB6EA9024ED4C5200A1EA90 /* MomoComposeViewController.swift */ = {isa = PBXFileReference; lastKnownFileType = sourcecode.swift; path = MomoComposeViewController.swift; sourceTree = "<group>"; };
		DAB6EA9224ED4C9300A1EA90 /* MemoListViewModel.swift */ = {isa = PBXFileReference; lastKnownFileType = sourcecode.swift; path = MemoListViewModel.swift; sourceTree = "<group>"; };
		DAB6EA9424ED4CC500A1EA90 /* MemoDetailViewModel.swift */ = {isa = PBXFileReference; lastKnownFileType = sourcecode.swift; path = MemoDetailViewModel.swift; sourceTree = "<group>"; };
		DAB6EA9624ED4CDC00A1EA90 /* MemoComposeViewModel.swift */ = {isa = PBXFileReference; lastKnownFileType = sourcecode.swift; path = MemoComposeViewModel.swift; sourceTree = "<group>"; };
		DAB6EA9824ED4D2300A1EA90 /* ViewModelBindableType.swift */ = {isa = PBXFileReference; lastKnownFileType = sourcecode.swift; path = ViewModelBindableType.swift; sourceTree = "<group>"; };
		DAB6EA9A24ED4F5B00A1EA90 /* TransitionModel.swift */ = {isa = PBXFileReference; lastKnownFileType = sourcecode.swift; path = TransitionModel.swift; sourceTree = "<group>"; };
		DAB6EA9C24ED4FBC00A1EA90 /* Scene.swift */ = {isa = PBXFileReference; lastKnownFileType = sourcecode.swift; path = Scene.swift; sourceTree = "<group>"; };
		DAB6EA9E24ED52BB00A1EA90 /* SceneCoordinatorType.swift */ = {isa = PBXFileReference; lastKnownFileType = sourcecode.swift; path = SceneCoordinatorType.swift; sourceTree = "<group>"; };
		DAB6EAA024ED536F00A1EA90 /* SceneCoordinator.swift */ = {isa = PBXFileReference; lastKnownFileType = sourcecode.swift; path = SceneCoordinator.swift; sourceTree = "<group>"; };
		DAB6EAA224ED57A600A1EA90 /* CommonViewModel.swift */ = {isa = PBXFileReference; lastKnownFileType = sourcecode.swift; path = CommonViewModel.swift; sourceTree = "<group>"; };
		DAB6EAA424EE212700A1EA90 /* TableViewCell.swift */ = {isa = PBXFileReference; lastKnownFileType = sourcecode.swift; path = TableViewCell.swift; sourceTree = "<group>"; };
/* End PBXFileReference section */

/* Begin PBXFrameworksBuildPhase section */
		DAB6EA6524ED3F3A00A1EA90 /* Frameworks */ = {
			isa = PBXFrameworksBuildPhase;
			buildActionMask = 2147483647;
			files = (
				973FED2BE715CD11C39C8CA4 /* Pods_simpleMemo.framework in Frameworks */,
			);
			runOnlyForDeploymentPostprocessing = 0;
		};
/* End PBXFrameworksBuildPhase section */

/* Begin PBXGroup section */
		2009AF35D4255A40E83E73E2 /* Pods */ = {
			isa = PBXGroup;
			children = (
				3807C3BEE88F8D21F8352A9E /* Pods-simpleMemo.debug.xcconfig */,
				AA6E956CEC58FA18661868A6 /* Pods-simpleMemo.release.xcconfig */,
			);
			path = Pods;
			sourceTree = "<group>";
		};
		BEAE9B4BEB1428EAB5D41CD6 /* Frameworks */ = {
			isa = PBXGroup;
			children = (
				CCC1AD982457D3759C6DEA87 /* Pods_simpleMemo.framework */,
			);
			name = Frameworks;
			sourceTree = "<group>";
		};
		DAB6EA5F24ED3F3A00A1EA90 = {
			isa = PBXGroup;
			children = (
				DAB6EA6A24ED3F3A00A1EA90 /* simpleMemo */,
				DAB6EA6924ED3F3A00A1EA90 /* Products */,
				2009AF35D4255A40E83E73E2 /* Pods */,
				BEAE9B4BEB1428EAB5D41CD6 /* Frameworks */,
			);
			sourceTree = "<group>";
		};
		DAB6EA6924ED3F3A00A1EA90 /* Products */ = {
			isa = PBXGroup;
			children = (
				DAB6EA6824ED3F3A00A1EA90 /* simpleMemo.app */,
			);
			name = Products;
			sourceTree = "<group>";
		};
		DAB6EA6A24ED3F3A00A1EA90 /* simpleMemo */ = {
			isa = PBXGroup;
			children = (
				DAB6EA8324ED414400A1EA90 /* Scene */,
				DAB6EA8224ED412B00A1EA90 /* Service */,
				DAB6EA8124ED410E00A1EA90 /* ViewModel */,
				DAB6EA8024ED40F500A1EA90 /* ViewController */,
				DAB6EA7F24ED40EF00A1EA90 /* Model */,
				DAB6EA6B24ED3F3A00A1EA90 /* AppDelegate.swift */,
				DAB6EA6D24ED3F3A00A1EA90 /* SceneDelegate.swift */,
				DAB6EA7424ED3F3D00A1EA90 /* Assets.xcassets */,
				DAB6EA7924ED3F3D00A1EA90 /* Info.plist */,
			);
			path = simpleMemo;
			sourceTree = "<group>";
		};
		DAB6EA7F24ED40EF00A1EA90 /* Model */ = {
			isa = PBXGroup;
			children = (
				DAB6EA8424ED41C700A1EA90 /* Memo.swift */,
			);
			path = Model;
			sourceTree = "<group>";
		};
		DAB6EA8024ED40F500A1EA90 /* ViewController */ = {
			isa = PBXGroup;
			children = (
				DAB6EA7124ED3F3A00A1EA90 /* Main.storyboard */,
				DAB6EA7624ED3F3D00A1EA90 /* LaunchScreen.storyboard */,
				DAB6EA8C24ED4BFE00A1EA90 /* MemoListViewController.swift */,
				DAB6EA8E24ED4C2E00A1EA90 /* MemoDetailViewController.swift */,
				DAB6EA9024ED4C5200A1EA90 /* MomoComposeViewController.swift */,
				DAB6EA9824ED4D2300A1EA90 /* ViewModelBindableType.swift */,
				DAB6EAA424EE212700A1EA90 /* TableViewCell.swift */,
			);
			path = ViewController;
			sourceTree = "<group>";
		};
		DAB6EA8124ED410E00A1EA90 /* ViewModel */ = {
			isa = PBXGroup;
			children = (
				DAB6EA9224ED4C9300A1EA90 /* MemoListViewModel.swift */,
				DAB6EA9424ED4CC500A1EA90 /* MemoDetailViewModel.swift */,
				DAB6EA9624ED4CDC00A1EA90 /* MemoComposeViewModel.swift */,
				DAB6EAA224ED57A600A1EA90 /* CommonViewModel.swift */,
			);
			path = ViewModel;
			sourceTree = "<group>";
		};
		DAB6EA8224ED412B00A1EA90 /* Service */ = {
			isa = PBXGroup;
			children = (
				DAB6EA8924ED442500A1EA90 /* CoreDataStorage */,
				DAB6EA8824ED440100A1EA90 /* MemoryStorage */,
			);
			path = Service;
			sourceTree = "<group>";
		};
		DAB6EA8324ED414400A1EA90 /* Scene */ = {
			isa = PBXGroup;
			children = (
				DAB6EA9A24ED4F5B00A1EA90 /* TransitionModel.swift */,
				DAB6EA9C24ED4FBC00A1EA90 /* Scene.swift */,
				DAB6EA9E24ED52BB00A1EA90 /* SceneCoordinatorType.swift */,
				DAB6EAA024ED536F00A1EA90 /* SceneCoordinator.swift */,
			);
			path = Scene;
			sourceTree = "<group>";
		};
		DAB6EA8824ED440100A1EA90 /* MemoryStorage */ = {
			isa = PBXGroup;
			children = (
				DAB6EA8A24ED452800A1EA90 /* MemoryStorage.swift */,
				DAB6EA8624ED42E800A1EA90 /* MemoStrorageType.swift */,
			);
			path = MemoryStorage;
			sourceTree = "<group>";
		};
		DAB6EA8924ED442500A1EA90 /* CoreDataStorage */ = {
			isa = PBXGroup;
			children = (
			);
			path = CoreDataStorage;
			sourceTree = "<group>";
		};
/* End PBXGroup section */

/* Begin PBXNativeTarget section */
		DAB6EA6724ED3F3A00A1EA90 /* simpleMemo */ = {
			isa = PBXNativeTarget;
			buildConfigurationList = DAB6EA7C24ED3F3D00A1EA90 /* Build configuration list for PBXNativeTarget "simpleMemo" */;
			buildPhases = (
				7125A84AC4E64955506E5807 /* [CP] Check Pods Manifest.lock */,
				DAB6EA6424ED3F3A00A1EA90 /* Sources */,
				DAB6EA6524ED3F3A00A1EA90 /* Frameworks */,
				DAB6EA6624ED3F3A00A1EA90 /* Resources */,
				0179661EBC4A88A3209B3B40 /* [CP] Embed Pods Frameworks */,
			);
			buildRules = (
			);
			dependencies = (
			);
			name = simpleMemo;
			productName = simpleMemo;
			productReference = DAB6EA6824ED3F3A00A1EA90 /* simpleMemo.app */;
			productType = "com.apple.product-type.application";
		};
/* End PBXNativeTarget section */

/* Begin PBXProject section */
		DAB6EA6024ED3F3A00A1EA90 /* Project object */ = {
			isa = PBXProject;
			attributes = {
				LastSwiftUpdateCheck = 1160;
				LastUpgradeCheck = 1160;
				ORGANIZATIONNAME = kimtaehoon;
				TargetAttributes = {
					DAB6EA6724ED3F3A00A1EA90 = {
						CreatedOnToolsVersion = 11.6;
					};
				};
			};
			buildConfigurationList = DAB6EA6324ED3F3A00A1EA90 /* Build configuration list for PBXProject "simpleMemo" */;
			compatibilityVersion = "Xcode 9.3";
			developmentRegion = en;
			hasScannedForEncodings = 0;
			knownRegions = (
				en,
				Base,
			);
			mainGroup = DAB6EA5F24ED3F3A00A1EA90;
			productRefGroup = DAB6EA6924ED3F3A00A1EA90 /* Products */;
			projectDirPath = "";
			projectRoot = "";
			targets = (
				DAB6EA6724ED3F3A00A1EA90 /* simpleMemo */,
			);
		};
/* End PBXProject section */

/* Begin PBXResourcesBuildPhase section */
		DAB6EA6624ED3F3A00A1EA90 /* Resources */ = {
			isa = PBXResourcesBuildPhase;
			buildActionMask = 2147483647;
			files = (
				DAB6EA7824ED3F3D00A1EA90 /* LaunchScreen.storyboard in Resources */,
				DAB6EA7524ED3F3D00A1EA90 /* Assets.xcassets in Resources */,
				DAB6EA7324ED3F3A00A1EA90 /* Main.storyboard in Resources */,
			);
			runOnlyForDeploymentPostprocessing = 0;
		};
/* End PBXResourcesBuildPhase section */

/* Begin PBXShellScriptBuildPhase section */
		0179661EBC4A88A3209B3B40 /* [CP] Embed Pods Frameworks */ = {
			isa = PBXShellScriptBuildPhase;
			buildActionMask = 2147483647;
			files = (
			);
			inputFileListPaths = (
				"${PODS_ROOT}/Target Support Files/Pods-simpleMemo/Pods-simpleMemo-frameworks-${CONFIGURATION}-input-files.xcfilelist",
			);
			name = "[CP] Embed Pods Frameworks";
			outputFileListPaths = (
				"${PODS_ROOT}/Target Support Files/Pods-simpleMemo/Pods-simpleMemo-frameworks-${CONFIGURATION}-output-files.xcfilelist",
			);
			runOnlyForDeploymentPostprocessing = 0;
			shellPath = /bin/sh;
			shellScript = "\"${PODS_ROOT}/Target Support Files/Pods-simpleMemo/Pods-simpleMemo-frameworks.sh\"\n";
			showEnvVarsInLog = 0;
		};
		7125A84AC4E64955506E5807 /* [CP] Check Pods Manifest.lock */ = {
			isa = PBXShellScriptBuildPhase;
			buildActionMask = 2147483647;
			files = (
			);
			inputFileListPaths = (
			);
			inputPaths = (
				"${PODS_PODFILE_DIR_PATH}/Podfile.lock",
				"${PODS_ROOT}/Manifest.lock",
			);
			name = "[CP] Check Pods Manifest.lock";
			outputFileListPaths = (
			);
			outputPaths = (
				"$(DERIVED_FILE_DIR)/Pods-simpleMemo-checkManifestLockResult.txt",
			);
			runOnlyForDeploymentPostprocessing = 0;
			shellPath = /bin/sh;
			shellScript = "diff \"${PODS_PODFILE_DIR_PATH}/Podfile.lock\" \"${PODS_ROOT}/Manifest.lock\" > /dev/null\nif [ $? != 0 ] ; then\n    # print error to STDERR\n    echo \"error: The sandbox is not in sync with the Podfile.lock. Run 'pod install' or update your CocoaPods installation.\" >&2\n    exit 1\nfi\n# This output is used by Xcode 'outputs' to avoid re-running this script phase.\necho \"SUCCESS\" > \"${SCRIPT_OUTPUT_FILE_0}\"\n";
			showEnvVarsInLog = 0;
		};
/* End PBXShellScriptBuildPhase section */

/* Begin PBXSourcesBuildPhase section */
		DAB6EA6424ED3F3A00A1EA90 /* Sources */ = {
			isa = PBXSourcesBuildPhase;
			buildActionMask = 2147483647;
			files = (
				DAB6EA8F24ED4C2E00A1EA90 /* MemoDetailViewController.swift in Sources */,
				DAB6EA9B24ED4F5B00A1EA90 /* TransitionModel.swift in Sources */,
				DAB6EA9F24ED52BB00A1EA90 /* SceneCoordinatorType.swift in Sources */,
				DAB6EAA524EE212700A1EA90 /* TableViewCell.swift in Sources */,
				DAB6EAA124ED536F00A1EA90 /* SceneCoordinator.swift in Sources */,
				DAB6EA8724ED42E800A1EA90 /* MemoStrorageType.swift in Sources */,
				DAB6EA9724ED4CDC00A1EA90 /* MemoComposeViewModel.swift in Sources */,
				DAB6EA9D24ED4FBC00A1EA90 /* Scene.swift in Sources */,
				DAB6EA8524ED41C700A1EA90 /* Memo.swift in Sources */,
				DAB6EA9524ED4CC500A1EA90 /* MemoDetailViewModel.swift in Sources */,
				DAB6EA8D24ED4BFE00A1EA90 /* MemoListViewController.swift in Sources */,
				DAB6EA6C24ED3F3A00A1EA90 /* AppDelegate.swift in Sources */,
				DAB6EA6E24ED3F3A00A1EA90 /* SceneDelegate.swift in Sources */,
				DAB6EA8B24ED452800A1EA90 /* MemoryStorage.swift in Sources */,
				DAB6EA9924ED4D2300A1EA90 /* ViewModelBindableType.swift in Sources */,
				DAB6EA9124ED4C5200A1EA90 /* MomoComposeViewController.swift in Sources */,
				DAB6EA9324ED4C9300A1EA90 /* MemoListViewModel.swift in Sources */,
				DAB6EAA324ED57A600A1EA90 /* CommonViewModel.swift in Sources */,
			);
			runOnlyForDeploymentPostprocessing = 0;
		};
/* End PBXSourcesBuildPhase section */

/* Begin PBXVariantGroup section */
		DAB6EA7124ED3F3A00A1EA90 /* Main.storyboard */ = {
			isa = PBXVariantGroup;
			children = (
				DAB6EA7224ED3F3A00A1EA90 /* Base */,
			);
			name = Main.storyboard;
			sourceTree = "<group>";
		};
		DAB6EA7624ED3F3D00A1EA90 /* LaunchScreen.storyboard */ = {
			isa = PBXVariantGroup;
			children = (
				DAB6EA7724ED3F3D00A1EA90 /* Base */,
			);
			name = LaunchScreen.storyboard;
			sourceTree = "<group>";
		};
/* End PBXVariantGroup section */

/* Begin XCBuildConfiguration section */
		DAB6EA7A24ED3F3D00A1EA90 /* Debug */ = {
			isa = XCBuildConfiguration;
			buildSettings = {
				ALWAYS_SEARCH_USER_PATHS = NO;
				CLANG_ANALYZER_NONNULL = YES;
				CLANG_ANALYZER_NUMBER_OBJECT_CONVERSION = YES_AGGRESSIVE;
				CLANG_CXX_LANGUAGE_STANDARD = "gnu++14";
				CLANG_CXX_LIBRARY = "libc++";
				CLANG_ENABLE_MODULES = YES;
				CLANG_ENABLE_OBJC_ARC = YES;
				CLANG_ENABLE_OBJC_WEAK = YES;
				CLANG_WARN_BLOCK_CAPTURE_AUTORELEASING = YES;
				CLANG_WARN_BOOL_CONVERSION = YES;
				CLANG_WARN_COMMA = YES;
				CLANG_WARN_CONSTANT_CONVERSION = YES;
				CLANG_WARN_DEPRECATED_OBJC_IMPLEMENTATIONS = YES;
				CLANG_WARN_DIRECT_OBJC_ISA_USAGE = YES_ERROR;
				CLANG_WARN_DOCUMENTATION_COMMENTS = YES;
				CLANG_WARN_EMPTY_BODY = YES;
				CLANG_WARN_ENUM_CONVERSION = YES;
				CLANG_WARN_INFINITE_RECURSION = YES;
				CLANG_WARN_INT_CONVERSION = YES;
				CLANG_WARN_NON_LITERAL_NULL_CONVERSION = YES;
				CLANG_WARN_OBJC_IMPLICIT_RETAIN_SELF = YES;
				CLANG_WARN_OBJC_LITERAL_CONVERSION = YES;
				CLANG_WARN_OBJC_ROOT_CLASS = YES_ERROR;
				CLANG_WARN_RANGE_LOOP_ANALYSIS = YES;
				CLANG_WARN_STRICT_PROTOTYPES = YES;
				CLANG_WARN_SUSPICIOUS_MOVE = YES;
				CLANG_WARN_UNGUARDED_AVAILABILITY = YES_AGGRESSIVE;
				CLANG_WARN_UNREACHABLE_CODE = YES;
				CLANG_WARN__DUPLICATE_METHOD_MATCH = YES;
				COPY_PHASE_STRIP = NO;
				DEBUG_INFORMATION_FORMAT = dwarf;
				ENABLE_STRICT_OBJC_MSGSEND = YES;
				ENABLE_TESTABILITY = YES;
				GCC_C_LANGUAGE_STANDARD = gnu11;
				GCC_DYNAMIC_NO_PIC = NO;
				GCC_NO_COMMON_BLOCKS = YES;
				GCC_OPTIMIZATION_LEVEL = 0;
				GCC_PREPROCESSOR_DEFINITIONS = (
					"DEBUG=1",
					"$(inherited)",
				);
				GCC_WARN_64_TO_32_BIT_CONVERSION = YES;
				GCC_WARN_ABOUT_RETURN_TYPE = YES_ERROR;
				GCC_WARN_UNDECLARED_SELECTOR = YES;
				GCC_WARN_UNINITIALIZED_AUTOS = YES_AGGRESSIVE;
				GCC_WARN_UNUSED_FUNCTION = YES;
				GCC_WARN_UNUSED_VARIABLE = YES;
				IPHONEOS_DEPLOYMENT_TARGET = 10;
				MTL_ENABLE_DEBUG_INFO = INCLUDE_SOURCE;
				MTL_FAST_MATH = YES;
				ONLY_ACTIVE_ARCH = YES;
				SDKROOT = iphoneos;
				SWIFT_ACTIVE_COMPILATION_CONDITIONS = DEBUG;
				SWIFT_OPTIMIZATION_LEVEL = "-Onone";
			};
			name = Debug;
		};
		DAB6EA7B24ED3F3D00A1EA90 /* Release */ = {
			isa = XCBuildConfiguration;
			buildSettings = {
				ALWAYS_SEARCH_USER_PATHS = NO;
				CLANG_ANALYZER_NONNULL = YES;
				CLANG_ANALYZER_NUMBER_OBJECT_CONVERSION = YES_AGGRESSIVE;
				CLANG_CXX_LANGUAGE_STANDARD = "gnu++14";
				CLANG_CXX_LIBRARY = "libc++";
				CLANG_ENABLE_MODULES = YES;
				CLANG_ENABLE_OBJC_ARC = YES;
				CLANG_ENABLE_OBJC_WEAK = YES;
				CLANG_WARN_BLOCK_CAPTURE_AUTORELEASING = YES;
				CLANG_WARN_BOOL_CONVERSION = YES;
				CLANG_WARN_COMMA = YES;
				CLANG_WARN_CONSTANT_CONVERSION = YES;
				CLANG_WARN_DEPRECATED_OBJC_IMPLEMENTATIONS = YES;
				CLANG_WARN_DIRECT_OBJC_ISA_USAGE = YES_ERROR;
				CLANG_WARN_DOCUMENTATION_COMMENTS = YES;
				CLANG_WARN_EMPTY_BODY = YES;
				CLANG_WARN_ENUM_CONVERSION = YES;
				CLANG_WARN_INFINITE_RECURSION = YES;
				CLANG_WARN_INT_CONVERSION = YES;
				CLANG_WARN_NON_LITERAL_NULL_CONVERSION = YES;
				CLANG_WARN_OBJC_IMPLICIT_RETAIN_SELF = YES;
				CLANG_WARN_OBJC_LITERAL_CONVERSION = YES;
				CLANG_WARN_OBJC_ROOT_CLASS = YES_ERROR;
				CLANG_WARN_RANGE_LOOP_ANALYSIS = YES;
				CLANG_WARN_STRICT_PROTOTYPES = YES;
				CLANG_WARN_SUSPICIOUS_MOVE = YES;
				CLANG_WARN_UNGUARDED_AVAILABILITY = YES_AGGRESSIVE;
				CLANG_WARN_UNREACHABLE_CODE = YES;
				CLANG_WARN__DUPLICATE_METHOD_MATCH = YES;
				COPY_PHASE_STRIP = NO;
				DEBUG_INFORMATION_FORMAT = "dwarf-with-dsym";
				ENABLE_NS_ASSERTIONS = NO;
				ENABLE_STRICT_OBJC_MSGSEND = YES;
				GCC_C_LANGUAGE_STANDARD = gnu11;
				GCC_NO_COMMON_BLOCKS = YES;
				GCC_WARN_64_TO_32_BIT_CONVERSION = YES;
				GCC_WARN_ABOUT_RETURN_TYPE = YES_ERROR;
				GCC_WARN_UNDECLARED_SELECTOR = YES;
				GCC_WARN_UNINITIALIZED_AUTOS = YES_AGGRESSIVE;
				GCC_WARN_UNUSED_FUNCTION = YES;
				GCC_WARN_UNUSED_VARIABLE = YES;
				IPHONEOS_DEPLOYMENT_TARGET = 10;
				MTL_ENABLE_DEBUG_INFO = NO;
				MTL_FAST_MATH = YES;
				SDKROOT = iphoneos;
				SWIFT_COMPILATION_MODE = wholemodule;
				SWIFT_OPTIMIZATION_LEVEL = "-O";
				VALIDATE_PRODUCT = YES;
			};
			name = Release;
		};
		DAB6EA7D24ED3F3D00A1EA90 /* Debug */ = {
			isa = XCBuildConfiguration;
			baseConfigurationReference = 3807C3BEE88F8D21F8352A9E /* Pods-simpleMemo.debug.xcconfig */;
			buildSettings = {
				ASSETCATALOG_COMPILER_APPICON_NAME = AppIcon;
				CODE_SIGN_STYLE = Automatic;
				DEVELOPMENT_TEAM = 7Y3Y9M4N4F;
				INFOPLIST_FILE = simpleMemo/Info.plist;
				IPHONEOS_DEPLOYMENT_TARGET = 10.0;
				LD_RUNPATH_SEARCH_PATHS = (
					"$(inherited)",
					"@executable_path/Frameworks",
				);
				PRODUCT_BUNDLE_IDENTIFIER = com.booster.simpleMemo;
				PRODUCT_NAME = "$(TARGET_NAME)";
				SWIFT_VERSION = 5.0;
				TARGETED_DEVICE_FAMILY = "1,2";
			};
			name = Debug;
		};
		DAB6EA7E24ED3F3D00A1EA90 /* Release */ = {
			isa = XCBuildConfiguration;
			baseConfigurationReference = AA6E956CEC58FA18661868A6 /* Pods-simpleMemo.release.xcconfig */;
			buildSettings = {
				ASSETCATALOG_COMPILER_APPICON_NAME = AppIcon;
				CODE_SIGN_STYLE = Automatic;
				DEVELOPMENT_TEAM = 7Y3Y9M4N4F;
				INFOPLIST_FILE = simpleMemo/Info.plist;
				IPHONEOS_DEPLOYMENT_TARGET = 10.0;
				LD_RUNPATH_SEARCH_PATHS = (
					"$(inherited)",
					"@executable_path/Frameworks",
				);
				PRODUCT_BUNDLE_IDENTIFIER = com.booster.simpleMemo;
				PRODUCT_NAME = "$(TARGET_NAME)";
				SWIFT_VERSION = 5.0;
				TARGETED_DEVICE_FAMILY = "1,2";
			};
			name = Release;
		};
/* End XCBuildConfiguration section */

/* Begin XCConfigurationList section */
		DAB6EA6324ED3F3A00A1EA90 /* Build configuration list for PBXProject "simpleMemo" */ = {
			isa = XCConfigurationList;
			buildConfigurations = (
				DAB6EA7A24ED3F3D00A1EA90 /* Debug */,
				DAB6EA7B24ED3F3D00A1EA90 /* Release */,
			);
			defaultConfigurationIsVisible = 0;
			defaultConfigurationName = Release;
		};
		DAB6EA7C24ED3F3D00A1EA90 /* Build configuration list for PBXNativeTarget "simpleMemo" */ = {
			isa = XCConfigurationList;
			buildConfigurations = (
				DAB6EA7D24ED3F3D00A1EA90 /* Debug */,
				DAB6EA7E24ED3F3D00A1EA90 /* Release */,
			);
			defaultConfigurationIsVisible = 0;
			defaultConfigurationName = Release;
		};
/* End XCConfigurationList section */
	};
	rootObject = DAB6EA6024ED3F3A00A1EA90 /* Project object */;
}
